{
  "name": "shared",
  "version": "1.0.0",
  "lockfileVersion": 2,
  "requires": true,
  "packages": {
    "": {
      "name": "shared",
      "version": "1.0.0",
      "license": "ISC",
      "devDependencies": {
        "fp-ts": "^2.13.1",
        "io-ts": "^2.2.20",
        "prettier": "2.8.3",
        "typescript": "^4.9.4"
      }
    },
    "node_modules/fp-ts": {
      "version": "2.13.1",
      "resolved": "https://registry.npmjs.org/fp-ts/-/fp-ts-2.13.1.tgz",
      "integrity": "sha512-0eu5ULPS2c/jsa1lGFneEFFEdTbembJv8e4QKXeVJ3lm/5hyve06dlKZrpxmMwJt6rYen7sxmHHK2CLaXvWuWQ==",
      "dev": true
    },
    "node_modules/io-ts": {
      "version": "2.2.20",
      "resolved": "https://registry.npmjs.org/io-ts/-/io-ts-2.2.20.tgz",
      "integrity": "sha512-Rq2BsYmtwS5vVttie4rqrOCIfHCS9TgpRLFpKQCM1wZBBRY9nWVGmEvm2FnDbSE2un1UE39DvFpTR5UL47YDcA==",
      "dev": true,
      "peerDependencies": {
        "fp-ts": "^2.5.0"
      }
    },
    "node_modules/prettier": {
      "version": "2.8.3",
      "resolved": "https://registry.npmjs.org/prettier/-/prettier-2.8.3.tgz",
      "integrity": "sha512-tJ/oJ4amDihPoufT5sM0Z1SKEuKay8LfVAMlbbhnnkvt6BUserZylqo2PN+p9KeljLr0OHa2rXHU1T8reeoTrw==",
      "dev": true,
      "bin": {
        "prettier": "bin-prettier.js"
      },
      "engines": {
        "node": ">=10.13.0"
      },
      "funding": {
        "url": "https://github.com/prettier/prettier?sponsor=1"
      }
    },
    "node_modules/typescript": {
      "version": "4.9.4",
      "resolved": "https://registry.npmjs.org/typescript/-/typescript-4.9.4.tgz",
      "integrity": "sha512-Uz+dTXYzxXXbsFpM86Wh3dKCxrQqUcVMxwU54orwlJjOpO3ao8L7j5lH+dWfTwgCwIuM9GQ2kvVotzYJMXTBZg==",
      "dev": true,
      "bin": {
        "tsc": "bin/tsc",
        "tsserver": "bin/tsserver"
      },
      "engines": {
        "node": ">=4.2.0"
      }
    }
  },
  "dependencies": {
    "fp-ts": {
      "version": "2.13.1",
      "resolved": "https://registry.npmjs.org/fp-ts/-/fp-ts-2.13.1.tgz",
      "integrity": "sha512-0eu5ULPS2c/jsa1lGFneEFFEdTbembJv8e4QKXeVJ3lm/5hyve06dlKZrpxmMwJt6rYen7sxmHHK2CLaXvWuWQ==",
      "dev": true
    },
    "io-ts": {
      "version": "2.2.20",
      "resolved": "https://registry.npmjs.org/io-ts/-/io-ts-2.2.20.tgz",
      "integrity": "sha512-Rq2BsYmtwS5vVttie4rqrOCIfHCS9TgpRLFpKQCM1wZBBRY9nWVGmEvm2FnDbSE2un1UE39DvFpTR5UL47YDcA==",
      "dev": true,
      "requires": {}
    },
    "prettier": {
      "version": "2.8.3",
      "resolved": "https://registry.npmjs.org/prettier/-/prettier-2.8.3.tgz",
      "integrity": "sha512-tJ/oJ4amDihPoufT5sM0Z1SKEuKay8LfVAMlbbhnnkvt6BUserZylqo2PN+p9KeljLr0OHa2rXHU1T8reeoTrw==",
      "dev": true
    },
    "typescript": {
      "version": "4.9.4",
      "resolved": "https://registry.npmjs.org/typescript/-/typescript-4.9.4.tgz",
      "integrity": "sha512-Uz+dTXYzxXXbsFpM86Wh3dKCxrQqUcVMxwU54orwlJjOpO3ao8L7j5lH+dWfTwgCwIuM9GQ2kvVotzYJMXTBZg==",
      "dev": true
    }
  }
}
